# THIS IS AN AUTOGENERATED FILE. DO NOT EDIT THIS FILE DIRECTLY.
# yarn lockfile v1


bulma@^0.6.2:
  version "0.6.2"
  resolved "https://registry.yarnpkg.com/bulma/-/bulma-0.6.2.tgz#f4b1d11d5acc51a79644eb0a2b0b10649d3d71f5"

dotenv@^6.0.0:
  version "6.0.0"
  resolved "https://registry.yarnpkg.com/dotenv/-/dotenv-6.0.0.tgz#24e37c041741c5f4b25324958ebbc34bca965935"
